// !$*UTF8*$!
{
	archiveVersion = 1;
	classes = {
	};
	objectVersion = 46;
	objects = {

/* Begin PBXBuildFile section */
		5A30A8491D2B54A60072E10E /* main.m in Sources */ = {isa = PBXBuildFile; fileRef = 5A30A8481D2B54A60072E10E /* main.m */; };
		5A30A84C1D2B54A60072E10E /* AppDelegate.m in Sources */ = {isa = PBXBuildFile; fileRef = 5A30A84B1D2B54A60072E10E /* AppDelegate.m */; };
		5A30A84F1D2B54A60072E10E /* ViewController.m in Sources */ = {isa = PBXBuildFile; fileRef = 5A30A84E1D2B54A60072E10E /* ViewController.m */; };
		5A30A8521D2B54A60072E10E /* Main.storyboard in Resources */ = {isa = PBXBuildFile; fileRef = 5A30A8501D2B54A60072E10E /* Main.storyboard */; };
		5A30A8551D2B54A60072E10E /* TestTodayExtension.xcdatamodeld in Sources */ = {isa = PBXBuildFile; fileRef = 5A30A8531D2B54A60072E10E /* TestTodayExtension.xcdatamodeld */; };
		5A30A8571D2B54A60072E10E /* Assets.xcassets in Resources */ = {isa = PBXBuildFile; fileRef = 5A30A8561D2B54A60072E10E /* Assets.xcassets */; };
		5A30A85A1D2B54A60072E10E /* LaunchScreen.storyboard in Resources */ = {isa = PBXBuildFile; fileRef = 5A30A8581D2B54A60072E10E /* LaunchScreen.storyboard */; };
		5A30A8651D2B54A60072E10E /* TestTodayExtensionTests.m in Sources */ = {isa = PBXBuildFile; fileRef = 5A30A8641D2B54A60072E10E /* TestTodayExtensionTests.m */; };
		5A30A8701D2B54A60072E10E /* TestTodayExtensionUITests.m in Sources */ = {isa = PBXBuildFile; fileRef = 5A30A86F1D2B54A60072E10E /* TestTodayExtensionUITests.m */; };
		5A30A8841D2B54D70072E10E /* NotificationCenter.framework in Frameworks */ = {isa = PBXBuildFile; fileRef = 5A30A8831D2B54D70072E10E /* NotificationCenter.framework */; };
		5A30A8881D2B54D70072E10E /* TodayViewController.m in Sources */ = {isa = PBXBuildFile; fileRef = 5A30A8871D2B54D70072E10E /* TodayViewController.m */; };
		5A30A88B1D2B54D70072E10E /* MainInterface.storyboard in Resources */ = {isa = PBXBuildFile; fileRef = 5A30A8891D2B54D70072E10E /* MainInterface.storyboard */; };
		5A30A88F1D2B54D70072E10E /* TestWidget.appex in Embed App Extensions */ = {isa = PBXBuildFile; fileRef = 5A30A8811D2B54D70072E10E /* TestWidget.appex */; settings = {ATTRIBUTES = (RemoveHeadersOnCopy, ); }; };
		5ADA71011D2BD1D2003379CE /* RadiusView.m in Sources */ = {isa = PBXBuildFile; fileRef = 5ADA71001D2BD1D2003379CE /* RadiusView.m */; };
		5ADA71031D2BD1DE003379CE /* RadiusView.xib in Resources */ = {isa = PBXBuildFile; fileRef = 5ADA71021D2BD1DE003379CE /* RadiusView.xib */; };
		5ADA71071D2BD225003379CE /* TableViewCell.m in Sources */ = {isa = PBXBuildFile; fileRef = 5ADA71051D2BD225003379CE /* TableViewCell.m */; };
		5ADA71081D2BD225003379CE /* TableViewCell.xib in Resources */ = {isa = PBXBuildFile; fileRef = 5ADA71061D2BD225003379CE /* TableViewCell.xib */; };
/* End PBXBuildFile section */

/* Begin PBXContainerItemProxy section */
		5A30A8611D2B54A60072E10E /* PBXContainerItemProxy */ = {
			isa = PBXContainerItemProxy;
			containerPortal = 5A30A83C1D2B54A60072E10E /* Project object */;
			proxyType = 1;
			remoteGlobalIDString = 5A30A8431D2B54A60072E10E;
			remoteInfo = TestTodayExtension;
		};
		5A30A86C1D2B54A60072E10E /* PBXContainerItemProxy */ = {
			isa = PBXContainerItemProxy;
			containerPortal = 5A30A83C1D2B54A60072E10E /* Project object */;
			proxyType = 1;
			remoteGlobalIDString = 5A30A8431D2B54A60072E10E;
			remoteInfo = TestTodayExtension;
		};
		5A30A88D1D2B54D70072E10E /* PBXContainerItemProxy */ = {
			isa = PBXContainerItemProxy;
			containerPortal = 5A30A83C1D2B54A60072E10E /* Project object */;
			proxyType = 1;
			remoteGlobalIDString = 5A30A8801D2B54D70072E10E;
			remoteInfo = TestWidget;
		};
/* End PBXContainerItemProxy section */

/* Begin PBXCopyFilesBuildPhase section */
		5A30A8931D2B54D70072E10E /* Embed App Extensions */ = {
			isa = PBXCopyFilesBuildPhase;
			buildActionMask = 2147483647;
			dstPath = "";
			dstSubfolderSpec = 13;
			files = (
				5A30A88F1D2B54D70072E10E /* TestWidget.appex in Embed App Extensions */,
			);
			name = "Embed App Extensions";
			runOnlyForDeploymentPostprocessing = 0;
		};
/* End PBXCopyFilesBuildPhase section */

/* Begin PBXFileReference section */
		5A30A8441D2B54A60072E10E /* TestTodayExtension.app */ = {isa = PBXFileReference; explicitFileType = wrapper.application; includeInIndex = 0; path = TestTodayExtension.app; sourceTree = BUILT_PRODUCTS_DIR; };
		5A30A8481D2B54A60072E10E /* main.m */ = {isa = PBXFileReference; lastKnownFileType = sourcecode.c.objc; path = main.m; sourceTree = "<group>"; };
		5A30A84A1D2B54A60072E10E /* AppDelegate.h */ = {isa = PBXFileReference; lastKnownFileType = sourcecode.c.h; path = AppDelegate.h; sourceTree = "<group>"; };
		5A30A84B1D2B54A60072E10E /* AppDelegate.m */ = {isa = PBXFileReference; lastKnownFileType = sourcecode.c.objc; path = AppDelegate.m; sourceTree = "<group>"; };
		5A30A84D1D2B54A60072E10E /* ViewController.h */ = {isa = PBXFileReference; lastKnownFileType = sourcecode.c.h; path = ViewController.h; sourceTree = "<group>"; };
		5A30A84E1D2B54A60072E10E /* ViewController.m */ = {isa = PBXFileReference; lastKnownFileType = sourcecode.c.objc; path = ViewController.m; sourceTree = "<group>"; };
		5A30A8511D2B54A60072E10E /* Base */ = {isa = PBXFileReference; lastKnownFileType = file.storyboard; name = Base; path = Base.lproj/Main.storyboard; sourceTree = "<group>"; };
		5A30A8541D2B54A60072E10E /* TestTodayExtension.xcdatamodel */ = {isa = PBXFileReference; lastKnownFileType = wrapper.xcdatamodel; path = TestTodayExtension.xcdatamodel; sourceTree = "<group>"; };
		5A30A8561D2B54A60072E10E /* Assets.xcassets */ = {isa = PBXFileReference; lastKnownFileType = folder.assetcatalog; path = Assets.xcassets; sourceTree = "<group>"; };
		5A30A8591D2B54A60072E10E /* Base */ = {isa = PBXFileReference; lastKnownFileType = file.storyboard; name = Base; path = Base.lproj/LaunchScreen.storyboard; sourceTree = "<group>"; };
		5A30A85B1D2B54A60072E10E /* Info.plist */ = {isa = PBXFileReference; lastKnownFileType = text.plist.xml; path = Info.plist; sourceTree = "<group>"; };
		5A30A8601D2B54A60072E10E /* TestTodayExtensionTests.xctest */ = {isa = PBXFileReference; explicitFileType = wrapper.cfbundle; includeInIndex = 0; path = TestTodayExtensionTests.xctest; sourceTree = BUILT_PRODUCTS_DIR; };
		5A30A8641D2B54A60072E10E /* TestTodayExtensionTests.m */ = {isa = PBXFileReference; lastKnownFileType = sourcecode.c.objc; path = TestTodayExtensionTests.m; sourceTree = "<group>"; };
		5A30A8661D2B54A60072E10E /* Info.plist */ = {isa = PBXFileReference; lastKnownFileType = text.plist.xml; path = Info.plist; sourceTree = "<group>"; };
		5A30A86B1D2B54A60072E10E /* TestTodayExtensionUITests.xctest */ = {isa = PBXFileReference; explicitFileType = wrapper.cfbundle; includeInIndex = 0; path = TestTodayExtensionUITests.xctest; sourceTree = BUILT_PRODUCTS_DIR; };
		5A30A86F1D2B54A60072E10E /* TestTodayExtensionUITests.m */ = {isa = PBXFileReference; lastKnownFileType = sourcecode.c.objc; path = TestTodayExtensionUITests.m; sourceTree = "<group>"; };
		5A30A8711D2B54A60072E10E /* Info.plist */ = {isa = PBXFileReference; lastKnownFileType = text.plist.xml; path = Info.plist; sourceTree = "<group>"; };
		5A30A8811D2B54D70072E10E /* TestWidget.appex */ = {isa = PBXFileReference; explicitFileType = "wrapper.app-extension"; includeInIndex = 0; path = TestWidget.appex; sourceTree = BUILT_PRODUCTS_DIR; };
		5A30A8831D2B54D70072E10E /* NotificationCenter.framework */ = {isa = PBXFileReference; lastKnownFileType = wrapper.framework; name = NotificationCenter.framework; path = System/Library/Frameworks/NotificationCenter.framework; sourceTree = SDKROOT; };
		5A30A8861D2B54D70072E10E /* TodayViewController.h */ = {isa = PBXFileReference; lastKnownFileType = sourcecode.c.h; path = TodayViewController.h; sourceTree = "<group>"; };
		5A30A8871D2B54D70072E10E /* TodayViewController.m */ = {isa = PBXFileReference; lastKnownFileType = sourcecode.c.objc; path = TodayViewController.m; sourceTree = "<group>"; };
		5A30A88A1D2B54D70072E10E /* Base */ = {isa = PBXFileReference; lastKnownFileType = file.storyboard; name = Base; path = Base.lproj/MainInterface.storyboard; sourceTree = "<group>"; };
		5A30A88C1D2B54D70072E10E /* Info.plist */ = {isa = PBXFileReference; lastKnownFileType = text.plist.xml; path = Info.plist; sourceTree = "<group>"; };
		5ADA70FF1D2BD1D2003379CE /* RadiusView.h */ = {isa = PBXFileReference; fileEncoding = 4; lastKnownFileType = sourcecode.c.h; path = RadiusView.h; sourceTree = "<group>"; };
		5ADA71001D2BD1D2003379CE /* RadiusView.m */ = {isa = PBXFileReference; fileEncoding = 4; lastKnownFileType = sourcecode.c.objc; path = RadiusView.m; sourceTree = "<group>"; };
		5ADA71021D2BD1DE003379CE /* RadiusView.xib */ = {isa = PBXFileReference; fileEncoding = 4; lastKnownFileType = file.xib; path = RadiusView.xib; sourceTree = "<group>"; };
		5ADA71041D2BD225003379CE /* TableViewCell.h */ = {isa = PBXFileReference; fileEncoding = 4; lastKnownFileType = sourcecode.c.h; path = TableViewCell.h; sourceTree = "<group>"; };
		5ADA71051D2BD225003379CE /* TableViewCell.m */ = {isa = PBXFileReference; fileEncoding = 4; lastKnownFileType = sourcecode.c.objc; path = TableViewCell.m; sourceTree = "<group>"; };
		5ADA71061D2BD225003379CE /* TableViewCell.xib */ = {isa = PBXFileReference; fileEncoding = 4; lastKnownFileType = file.xib; path = TableViewCell.xib; sourceTree = "<group>"; };
/* End PBXFileReference section */

/* Begin PBXFrameworksBuildPhase section */
		5A30A8411D2B54A60072E10E /* Frameworks */ = {
			isa = PBXFrameworksBuildPhase;
			buildActionMask = 2147483647;
			files = (
			);
			runOnlyForDeploymentPostprocessing = 0;
		};
		5A30A85D1D2B54A60072E10E /* Frameworks */ = {
			isa = PBXFrameworksBuildPhase;
			buildActionMask = 2147483647;
			files = (
			);
			runOnlyForDeploymentPostprocessing = 0;
		};
		5A30A8681D2B54A60072E10E /* Frameworks */ = {
			isa = PBXFrameworksBuildPhase;
			buildActionMask = 2147483647;
			files = (
			);
			runOnlyForDeploymentPostprocessing = 0;
		};
		5A30A87E1D2B54D70072E10E /* Frameworks */ = {
			isa = PBXFrameworksBuildPhase;
			buildActionMask = 2147483647;
			files = (
				5A30A8841D2B54D70072E10E /* NotificationCenter.framework in Frameworks */,
			);
			runOnlyForDeploymentPostprocessing = 0;
		};
/* End PBXFrameworksBuildPhase section */

/* Begin PBXGroup section */
		5A30A83B1D2B54A60072E10E = {
			isa = PBXGroup;
			children = (
				5A30A8461D2B54A60072E10E /* TestTodayExtension */,
				5A30A8631D2B54A60072E10E /* TestTodayExtensionTests */,
				5A30A86E1D2B54A60072E10E /* TestTodayExtensionUITests */,
				5A30A8851D2B54D70072E10E /* TestWidget */,
				5A30A8821D2B54D70072E10E /* Frameworks */,
				5A30A8451D2B54A60072E10E /* Products */,
			);
			sourceTree = "<group>";
		};
		5A30A8451D2B54A60072E10E /* Products */ = {
			isa = PBXGroup;
			children = (
				5A30A8441D2B54A60072E10E /* TestTodayExtension.app */,
				5A30A8601D2B54A60072E10E /* TestTodayExtensionTests.xctest */,
				5A30A86B1D2B54A60072E10E /* TestTodayExtensionUITests.xctest */,
				5A30A8811D2B54D70072E10E /* TestWidget.appex */,
			);
			name = Products;
			sourceTree = "<group>";
		};
		5A30A8461D2B54A60072E10E /* TestTodayExtension */ = {
			isa = PBXGroup;
			children = (
				5A30A84A1D2B54A60072E10E /* AppDelegate.h */,
				5A30A84B1D2B54A60072E10E /* AppDelegate.m */,
				5A30A84D1D2B54A60072E10E /* ViewController.h */,
				5A30A84E1D2B54A60072E10E /* ViewController.m */,
				5ADA71041D2BD225003379CE /* TableViewCell.h */,
				5ADA71051D2BD225003379CE /* TableViewCell.m */,
				5ADA71061D2BD225003379CE /* TableViewCell.xib */,
				5ADA70FF1D2BD1D2003379CE /* RadiusView.h */,
				5ADA71001D2BD1D2003379CE /* RadiusView.m */,
				5ADA71021D2BD1DE003379CE /* RadiusView.xib */,
				5A30A8501D2B54A60072E10E /* Main.storyboard */,
				5A30A8561D2B54A60072E10E /* Assets.xcassets */,
				5A30A8581D2B54A60072E10E /* LaunchScreen.storyboard */,
				5A30A85B1D2B54A60072E10E /* Info.plist */,
				5A30A8531D2B54A60072E10E /* TestTodayExtension.xcdatamodeld */,
				5A30A8471D2B54A60072E10E /* Supporting Files */,
			);
			path = TestTodayExtension;
			sourceTree = "<group>";
		};
		5A30A8471D2B54A60072E10E /* Supporting Files */ = {
			isa = PBXGroup;
			children = (
				5A30A8481D2B54A60072E10E /* main.m */,
			);
			name = "Supporting Files";
			sourceTree = "<group>";
		};
		5A30A8631D2B54A60072E10E /* TestTodayExtensionTests */ = {
			isa = PBXGroup;
			children = (
				5A30A8641D2B54A60072E10E /* TestTodayExtensionTests.m */,
				5A30A8661D2B54A60072E10E /* Info.plist */,
			);
			path = TestTodayExtensionTests;
			sourceTree = "<group>";
		};
		5A30A86E1D2B54A60072E10E /* TestTodayExtensionUITests */ = {
			isa = PBXGroup;
			children = (
				5A30A86F1D2B54A60072E10E /* TestTodayExtensionUITests.m */,
				5A30A8711D2B54A60072E10E /* Info.plist */,
			);
			path = TestTodayExtensionUITests;
			sourceTree = "<group>";
		};
		5A30A8821D2B54D70072E10E /* Frameworks */ = {
			isa = PBXGroup;
			children = (
				5A30A8831D2B54D70072E10E /* NotificationCenter.framework */,
			);
			name = Frameworks;
			sourceTree = "<group>";
		};
		5A30A8851D2B54D70072E10E /* TestWidget */ = {
			isa = PBXGroup;
			children = (
				5A30A8861D2B54D70072E10E /* TodayViewController.h */,
				5A30A8871D2B54D70072E10E /* TodayViewController.m */,
				5A30A8891D2B54D70072E10E /* MainInterface.storyboard */,
				5A30A88C1D2B54D70072E10E /* Info.plist */,
			);
			path = TestWidget;
			sourceTree = "<group>";
		};
/* End PBXGroup section */

/* Begin PBXNativeTarget section */
		5A30A8431D2B54A60072E10E /* TestTodayExtension */ = {
			isa = PBXNativeTarget;
			buildConfigurationList = 5A30A8741D2B54A60072E10E /* Build configuration list for PBXNativeTarget "TestTodayExtension" */;
			buildPhases = (
				5A30A8401D2B54A60072E10E /* Sources */,
				5A30A8411D2B54A60072E10E /* Frameworks */,
				5A30A8421D2B54A60072E10E /* Resources */,
				5A30A8931D2B54D70072E10E /* Embed App Extensions */,
			);
			buildRules = (
			);
			dependencies = (
				5A30A88E1D2B54D70072E10E /* PBXTargetDependency */,
			);
			name = TestTodayExtension;
			productName = TestTodayExtension;
			productReference = 5A30A8441D2B54A60072E10E /* TestTodayExtension.app */;
			productType = "com.apple.product-type.application";
		};
		5A30A85F1D2B54A60072E10E /* TestTodayExtensionTests */ = {
			isa = PBXNativeTarget;
			buildConfigurationList = 5A30A8771D2B54A60072E10E /* Build configuration list for PBXNativeTarget "TestTodayExtensionTests" */;
			buildPhases = (
				5A30A85C1D2B54A60072E10E /* Sources */,
				5A30A85D1D2B54A60072E10E /* Frameworks */,
				5A30A85E1D2B54A60072E10E /* Resources */,
			);
			buildRules = (
			);
			dependencies = (
				5A30A8621D2B54A60072E10E /* PBXTargetDependency */,
			);
			name = TestTodayExtensionTests;
			productName = TestTodayExtensionTests;
			productReference = 5A30A8601D2B54A60072E10E /* TestTodayExtensionTests.xctest */;
			productType = "com.apple.product-type.bundle.unit-test";
		};
		5A30A86A1D2B54A60072E10E /* TestTodayExtensionUITests */ = {
			isa = PBXNativeTarget;
			buildConfigurationList = 5A30A87A1D2B54A60072E10E /* Build configuration list for PBXNativeTarget "TestTodayExtensionUITests" */;
			buildPhases = (
				5A30A8671D2B54A60072E10E /* Sources */,
				5A30A8681D2B54A60072E10E /* Frameworks */,
				5A30A8691D2B54A60072E10E /* Resources */,
			);
			buildRules = (
			);
			dependencies = (
				5A30A86D1D2B54A60072E10E /* PBXTargetDependency */,
			);
			name = TestTodayExtensionUITests;
			productName = TestTodayExtensionUITests;
			productReference = 5A30A86B1D2B54A60072E10E /* TestTodayExtensionUITests.xctest */;
			productType = "com.apple.product-type.bundle.ui-testing";
		};
		5A30A8801D2B54D70072E10E /* TestWidget */ = {
			isa = PBXNativeTarget;
			buildConfigurationList = 5A30A8901D2B54D70072E10E /* Build configuration list for PBXNativeTarget "TestWidget" */;
			buildPhases = (
				5A30A87D1D2B54D70072E10E /* Sources */,
				5A30A87E1D2B54D70072E10E /* Frameworks */,
				5A30A87F1D2B54D70072E10E /* Resources */,
			);
			buildRules = (
			);
			dependencies = (
			);
			name = TestWidget;
			productName = TestWidget;
			productReference = 5A30A8811D2B54D70072E10E /* TestWidget.appex */;
			productType = "com.apple.product-type.app-extension";
		};
/* End PBXNativeTarget section */

/* Begin PBXProject section */
		5A30A83C1D2B54A60072E10E /* Project object */ = {
			isa = PBXProject;
			attributes = {
				LastUpgradeCheck = 0730;
				ORGANIZATIONNAME = jzh;
				TargetAttributes = {
					5A30A8431D2B54A60072E10E = {
						CreatedOnToolsVersion = 7.3.1;
					};
					5A30A85F1D2B54A60072E10E = {
						CreatedOnToolsVersion = 7.3.1;
						TestTargetID = 5A30A8431D2B54A60072E10E;
					};
					5A30A86A1D2B54A60072E10E = {
						CreatedOnToolsVersion = 7.3.1;
						TestTargetID = 5A30A8431D2B54A60072E10E;
					};
					5A30A8801D2B54D70072E10E = {
						CreatedOnToolsVersion = 7.3.1;
					};
				};
			};
			buildConfigurationList = 5A30A83F1D2B54A60072E10E /* Build configuration list for PBXProject "TestTodayExtension" */;
			compatibilityVersion = "Xcode 3.2";
			developmentRegion = English;
			hasScannedForEncodings = 0;
			knownRegions = (
				en,
				Base,
			);
			mainGroup = 5A30A83B1D2B54A60072E10E;
			productRefGroup = 5A30A8451D2B54A60072E10E /* Products */;
			projectDirPath = "";
			projectRoot = "";
			targets = (
				5A30A8431D2B54A60072E10E /* TestTodayExtension */,
				5A30A85F1D2B54A60072E10E /* TestTodayExtensionTests */,
				5A30A86A1D2B54A60072E10E /* TestTodayExtensionUITests */,
				5A30A8801D2B54D70072E10E /* TestWidget */,
			);
		};
/* End PBXProject section */

/* Begin PBXResourcesBuildPhase section */
		5A30A8421D2B54A60072E10E /* Resources */ = {
			isa = PBXResourcesBuildPhase;
			buildActionMask = 2147483647;
			files = (
				5A30A85A1D2B54A60072E10E /* LaunchScreen.storyboard in Resources */,
				5ADA71081D2BD225003379CE /* TableViewCell.xib in Resources */,
				5A30A8571D2B54A60072E10E /* Assets.xcassets in Resources */,
				5ADA71031D2BD1DE003379CE /* RadiusView.xib in Resources */,
				5A30A8521D2B54A60072E10E /* Main.storyboard in Resources */,
			);
			runOnlyForDeploymentPostprocessing = 0;
		};
		5A30A85E1D2B54A60072E10E /* Resources */ = {
			isa = PBXResourcesBuildPhase;
			buildActionMask = 2147483647;
			files = (
			);
			runOnlyForDeploymentPostprocessing = 0;
		};
		5A30A8691D2B54A60072E10E /* Resources */ = {
			isa = PBXResourcesBuildPhase;
			buildActionMask = 2147483647;
			files = (
			);
			runOnlyForDeploymentPostprocessing = 0;
		};
		5A30A87F1D2B54D70072E10E /* Resources */ = {
			isa = PBXResourcesBuildPhase;
			buildActionMask = 2147483647;
			files = (
				5A30A88B1D2B54D70072E10E /* MainInterface.storyboard in Resources */,
			);
			runOnlyForDeploymentPostprocessing = 0;
		};
/* End PBXResourcesBuildPhase section */

/* Begin PBXSourcesBuildPhase section */
		5A30A8401D2B54A60072E10E /* Sources */ = {
			isa = PBXSourcesBuildPhase;
			buildActionMask = 2147483647;
			files = (
				5A30A84F1D2B54A60072E10E /* ViewController.m in Sources */,
				5ADA71071D2BD225003379CE /* TableViewCell.m in Sources */,
				5A30A8551D2B54A60072E10E /* TestTodayExtension.xcdatamodeld in Sources */,
				5A30A84C1D2B54A60072E10E /* AppDelegate.m in Sources */,
				5ADA71011D2BD1D2003379CE /* RadiusView.m in Sources */,
				5A30A8491D2B54A60072E10E /* main.m in Sources */,
			);
			runOnlyForDeploymentPostprocessing = 0;
		};
		5A30A85C1D2B54A60072E10E /* Sources */ = {
			isa = PBXSourcesBuildPhase;
			buildActionMask = 2147483647;
			files = (
				5A30A8651D2B54A60072E10E /* TestTodayExtensionTests.m in Sources */,
			);
			runOnlyForDeploymentPostprocessing = 0;
		};
		5A30A8671D2B54A60072E10E /* Sources */ = {
			isa = PBXSourcesBuildPhase;
			buildActionMask = 2147483647;
			files = (
				5A30A8701D2B54A60072E10E /* TestTodayExtensionUITests.m in Sources */,
			);
			runOnlyForDeploymentPostprocessing = 0;
		};
		5A30A87D1D2B54D70072E10E /* Sources */ = {
			isa = PBXSourcesBuildPhase;
			buildActionMask = 2147483647;
			files = (
				5A30A8881D2B54D70072E10E /* TodayViewController.m in Sources */,
			);
			runOnlyForDeploymentPostprocessing = 0;
		};
/* End PBXSourcesBuildPhase section */

/* Begin PBXTargetDependency section */
		5A30A8621D2B54A60072E10E /* PBXTargetDependency */ = {
			isa = PBXTargetDependency;
			target = 5A30A8431D2B54A60072E10E /* TestTodayExtension */;
			targetProxy = 5A30A8611D2B54A60072E10E /* PBXContainerItemProxy */;
		};
		5A30A86D1D2B54A60072E10E /* PBXTargetDependency */ = {
			isa = PBXTargetDependency;
			target = 5A30A8431D2B54A60072E10E /* TestTodayExtension */;
			targetProxy = 5A30A86C1D2B54A60072E10E /* PBXContainerItemProxy */;
		};
		5A30A88E1D2B54D70072E10E /* PBXTargetDependency */ = {
			isa = PBXTargetDependency;
			target = 5A30A8801D2B54D70072E10E /* TestWidget */;
			targetProxy = 5A30A88D1D2B54D70072E10E /* PBXContainerItemProxy */;
		};
/* End PBXTargetDependency section */

/* Begin PBXVariantGroup section */
		5A30A8501D2B54A60072E10E /* Main.storyboard */ = {
			isa = PBXVariantGroup;
			children = (
				5A30A8511D2B54A60072E10E /* Base */,
			);
			name = Main.storyboard;
			sourceTree = "<group>";
		};
		5A30A8581D2B54A60072E10E /* LaunchScreen.storyboard */ = {
			isa = PBXVariantGroup;
			children = (
				5A30A8591D2B54A60072E10E /* Base */,
			);
			name = LaunchScreen.storyboard;
			sourceTree = "<group>";
		};
		5A30A8891D2B54D70072E10E /* MainInterface.storyboard */ = {
			isa = PBXVariantGroup;
			children = (
				5A30A88A1D2B54D70072E10E /* Base */,
			);
			name = MainInterface.storyboard;
			sourceTree = "<group>";
		};
/* End PBXVariantGroup section */

/* Begin XCBuildConfiguration section */
		5A30A8721D2B54A60072E10E /* Debug */ = {
			isa = XCBuildConfiguration;
			buildSettings = {
				ALWAYS_SEARCH_USER_PATHS = NO;
				CLANG_ANALYZER_NONNULL = YES;
				CLANG_CXX_LANGUAGE_STANDARD = "gnu++0x";
				CLANG_CXX_LIBRARY = "libc++";
				CLANG_ENABLE_MODULES = YES;
				CLANG_ENABLE_OBJC_ARC = YES;
				CLANG_WARN_BOOL_CONVERSION = YES;
				CLANG_WARN_CONSTANT_CONVERSION = YES;
				CLANG_WARN_DIRECT_OBJC_ISA_USAGE = YES_ERROR;
				CLANG_WARN_EMPTY_BODY = YES;
				CLANG_WARN_ENUM_CONVERSION = YES;
				CLANG_WARN_INT_CONVERSION = YES;
				CLANG_WARN_OBJC_ROOT_CLASS = YES_ERROR;
				CLANG_WARN_UNREACHABLE_CODE = YES;
				CLANG_WARN__DUPLICATE_METHOD_MATCH = YES;
				CODE_SIGN_IDENTITY = "iPhone Developer: qingli Che (VYLZN57J2P)";
				"CODE_SIGN_IDENTITY[sdk=iphoneos*]" = "iPhone Developer: qingli Che (VYLZN57J2P)";
				COPY_PHASE_STRIP = NO;
				DEBUG_INFORMATION_FORMAT = dwarf;
				ENABLE_STRICT_OBJC_MSGSEND = YES;
				ENABLE_TESTABILITY = YES;
				GCC_C_LANGUAGE_STANDARD = gnu99;
				GCC_DYNAMIC_NO_PIC = NO;
				GCC_NO_COMMON_BLOCKS = YES;
				GCC_OPTIMIZATION_LEVEL = 0;
				GCC_PREPROCESSOR_DEFINITIONS = (
					"DEBUG=1",
					"$(inherited)",
				);
				GCC_WARN_64_TO_32_BIT_CONVERSION = YES;
				GCC_WARN_ABOUT_RETURN_TYPE = YES_ERROR;
				GCC_WARN_UNDECLARED_SELECTOR = YES;
				GCC_WARN_UNINITIALIZED_AUTOS = YES_AGGRESSIVE;
				GCC_WARN_UNUSED_FUNCTION = YES;
				GCC_WARN_UNUSED_VARIABLE = YES;
				IPHONEOS_DEPLOYMENT_TARGET = 9.3;
				MTL_ENABLE_DEBUG_INFO = YES;
				ONLY_ACTIVE_ARCH = YES;
				PROVISIONING_PROFILE = "47360672-445d-4dc4-87bc-8a06adf102f1";
				SDKROOT = iphoneos;
				TARGETED_DEVICE_FAMILY = "1,2";
			};
			name = Debug;
		};
		5A30A8731D2B54A60072E10E /* Release */ = {
			isa = XCBuildConfiguration;
			buildSettings = {
				ALWAYS_SEARCH_USER_PATHS = NO;
				CLANG_ANALYZER_NONNULL = YES;
				CLANG_CXX_LANGUAGE_STANDARD = "gnu++0x";
				CLANG_CXX_LIBRARY = "libc++";
				CLANG_ENABLE_MODULES = YES;
				CLANG_ENABLE_OBJC_ARC = YES;
				CLANG_WARN_BOOL_CONVERSION = YES;
				CLANG_WARN_CONSTANT_CONVERSION = YES;
				CLANG_WARN_DIRECT_OBJC_ISA_USAGE = YES_ERROR;
				CLANG_WARN_EMPTY_BODY = YES;
				CLANG_WARN_ENUM_CONVERSION = YES;
				CLANG_WARN_INT_CONVERSION = YES;
				CLANG_WARN_OBJC_ROOT_CLASS = YES_ERROR;
				CLANG_WARN_UNREACHABLE_CODE = YES;
				CLANG_WARN__DUPLICATE_METHOD_MATCH = YES;
				CODE_SIGN_IDENTITY = "iPhone Developer: qingli Che (VYLZN57J2P)";
				"CODE_SIGN_IDENTITY[sdk=iphoneos*]" = "iPhone Developer: qingli Che (VYLZN57J2P)";
				COPY_PHASE_STRIP = NO;
				DEBUG_INFORMATION_FORMAT = "dwarf-with-dsym";
				ENABLE_NS_ASSERTIONS = NO;
				ENABLE_STRICT_OBJC_MSGSEND = YES;
				GCC_C_LANGUAGE_STANDARD = gnu99;
				GCC_NO_COMMON_BLOCKS = YES;
				GCC_WARN_64_TO_32_BIT_CONVERSION = YES;
				GCC_WARN_ABOUT_RETURN_TYPE = YES_ERROR;
				GCC_WARN_UNDECLARED_SELECTOR = YES;
				GCC_WARN_UNINITIALIZED_AUTOS = YES_AGGRESSIVE;
				GCC_WARN_UNUSED_FUNCTION = YES;
				GCC_WARN_UNUSED_VARIABLE = YES;
				IPHONEOS_DEPLOYMENT_TARGET = 9.3;
				MTL_ENABLE_DEBUG_INFO = NO;
				PROVISIONING_PROFILE = "47360672-445d-4dc4-87bc-8a06adf102f1";
				SDKROOT = iphoneos;
				TARGETED_DEVICE_FAMILY = "1,2";
				VALIDATE_PRODUCT = YES;
			};
			name = Release;
		};
		5A30A8751D2B54A60072E10E /* Debug */ = {
			isa = XCBuildConfiguration;
			buildSettings = {
				ASSETCATALOG_COMPILER_APPICON_NAME = AppIcon;
				CODE_SIGN_IDENTITY = "iPhone Developer: qingli Che (VYLZN57J2P)";
				"CODE_SIGN_IDENTITY[sdk=iphoneos*]" = "iPhone Developer: qingli Che (VYLZN57J2P)";
				INFOPLIST_FILE = TestTodayExtension/Info.plist;
				LD_RUNPATH_SEARCH_PATHS = "$(inherited) @executable_path/Frameworks";
				PRODUCT_BUNDLE_IDENTIFIER = com.liqu.TestTodayExtension;
				PRODUCT_NAME = "$(TARGET_NAME)";
				PROVISIONING_PROFILE = "47360672-445d-4dc4-87bc-8a06adf102f1";
			};
			name = Debug;
		};
		5A30A8761D2B54A60072E10E /* Release */ = {
			isa = XCBuildConfiguration;
			buildSettings = {
				ASSETCATALOG_COMPILER_APPICON_NAME = AppIcon;
				CODE_SIGN_IDENTITY = "iPhone Developer: qingli Che (VYLZN57J2P)";
				"CODE_SIGN_IDENTITY[sdk=iphoneos*]" = "iPhone Developer: qingli Che (VYLZN57J2P)";
				INFOPLIST_FILE = TestTodayExtension/Info.plist;
				LD_RUNPATH_SEARCH_PATHS = "$(inherited) @executable_path/Frameworks";
				PRODUCT_BUNDLE_IDENTIFIER = com.liqu.TestTodayExtension;
				PRODUCT_NAME = "$(TARGET_NAME)";
				PROVISIONING_PROFILE = "47360672-445d-4dc4-87bc-8a06adf102f1";
			};
			name = Release;
		};
		5A30A8781D2B54A60072E10E /* Debug */ = {
			isa = XCBuildConfiguration;
			buildSettings = {
				BUNDLE_LOADER = "$(TEST_HOST)";
				INFOPLIST_FILE = TestTodayExtensionTests/Info.plist;
				LD_RUNPATH_SEARCH_PATHS = "$(inherited) @executable_path/Frameworks @loader_path/Frameworks";
				PRODUCT_BUNDLE_IDENTIFIER = com.liqu.TestTodayExtensionTests;
				PRODUCT_NAME = "$(TARGET_NAME)";
				TEST_HOST = "$(BUILT_PRODUCTS_DIR)/TestTodayExtension.app/TestTodayExtension";
			};
			name = Debug;
		};
		5A30A8791D2B54A60072E10E /* Release */ = {
			isa = XCBuildConfiguration;
			buildSettings = {
				BUNDLE_LOADER = "$(TEST_HOST)";
				INFOPLIST_FILE = TestTodayExtensionTests/Info.plist;
				LD_RUNPATH_SEARCH_PATHS = "$(inherited) @executable_path/Frameworks @loader_path/Frameworks";
				PRODUCT_BUNDLE_IDENTIFIER = com.liqu.TestTodayExtensionTests;
				PRODUCT_NAME = "$(TARGET_NAME)";
				TEST_HOST = "$(BUILT_PRODUCTS_DIR)/TestTodayExtension.app/TestTodayExtension";
			};
			name = Release;
		};
		5A30A87B1D2B54A60072E10E /* Debug */ = {
			isa = XCBuildConfiguration;
			buildSettings = {
				INFOPLIST_FILE = TestTodayExtensionUITests/Info.plist;
				LD_RUNPATH_SEARCH_PATHS = "$(inherited) @executable_path/Frameworks @loader_path/Frameworks";
				PRODUCT_BUNDLE_IDENTIFIER = com.liqu.TestTodayExtensionUITests;
				PRODUCT_NAME = "$(TARGET_NAME)";
				TEST_TARGET_NAME = TestTodayExtension;
			};
			name = Debug;
		};
		5A30A87C1D2B54A60072E10E /* Release */ = {
			isa = XCBuildConfiguration;
			buildSettings = {
				INFOPLIST_FILE = TestTodayExtensionUITests/Info.plist;
				LD_RUNPATH_SEARCH_PATHS = "$(inherited) @executable_path/Frameworks @loader_path/Frameworks";
				PRODUCT_BUNDLE_IDENTIFIER = com.liqu.TestTodayExtensionUITests;
				PRODUCT_NAME = "$(TARGET_NAME)";
				TEST_TARGET_NAME = TestTodayExtension;
			};
			name = Release;
		};
		5A30A8911D2B54D70072E10E /* Debug */ = {
			isa = XCBuildConfiguration;
			buildSettings = {
				INFOPLIST_FILE = TestWidget/Info.plist;
				LD_RUNPATH_SEARCH_PATHS = "$(inherited) @executable_path/Frameworks @executable_path/../../Frameworks";
				PRODUCT_BUNDLE_IDENTIFIER = com.liqu.TestTodayExtension.TestWidget;
				PRODUCT_NAME = "$(TARGET_NAME)";
				SKIP_INSTALL = YES;
			};
			name = Debug;
		};
		5A30A8921D2B54D70072E10E /* Release */ = {
			isa = XCBuildConfiguration;
			buildSettings = {
				INFOPLIST_FILE = TestWidget/Info.plist;
				LD_RUNPATH_SEARCH_PATHS = "$(inherited) @executable_path/Frameworks @executable_path/../../Frameworks";
				PRODUCT_BUNDLE_IDENTIFIER = com.liqu.TestTodayExtension.TestWidget;
				PRODUCT_NAME = "$(TARGET_NAME)";
				SKIP_INSTALL = YES;
			};
			name = Release;
		};
/* End XCBuildConfiguration section */

/* Begin XCConfigurationList section */
		5A30A83F1D2B54A60072E10E /* Build configuration list for PBXProject "TestTodayExtension" */ = {
			isa = XCConfigurationList;
			buildConfigurations = (
				5A30A8721D2B54A60072E10E /* Debug */,
				5A30A8731D2B54A60072E10E /* Release */,
			);
			defaultConfigurationIsVisible = 0;
			defaultConfigurationName = Release;
		};
		5A30A8741D2B54A60072E10E /* Build configuration list for PBXNativeTarget "TestTodayExtension" */ = {
			isa = XCConfigurationList;
			buildConfigurations = (
				5A30A8751D2B54A60072E10E /* Debug */,
				5A30A8761D2B54A60072E10E /* Release */,
			);
			defaultConfigurationIsVisible = 0;
			defaultConfigurationName = Release;
		};
		5A30A8771D2B54A60072E10E /* Build configuration list for PBXNativeTarget "TestTodayExtensionTests" */ = {
			isa = XCConfigurationList;
			buildConfigurations = (
				5A30A8781D2B54A60072E10E /* Debug */,
				5A30A8791D2B54A60072E10E /* Release */,
			);
			defaultConfigurationIsVisible = 0;
			defaultConfigurationName = Release;
		};
		5A30A87A1D2B54A60072E10E /* Build configuration list for PBXNativeTarget "TestTodayExtensionUITests" */ = {
			isa = XCConfigurationList;
			buildConfigurations = (
				5A30A87B1D2B54A60072E10E /* Debug */,
				5A30A87C1D2B54A60072E10E /* Release */,
			);
			defaultConfigurationIsVisible = 0;
			defaultConfigurationName = Release;
		};
		5A30A8901D2B54D70072E10E /* Build configuration list for PBXNativeTarget "TestWidget" */ = {
			isa = XCConfigurationList;
			buildConfigurations = (
				5A30A8911D2B54D70072E10E /* Debug */,
				5A30A8921D2B54D70072E10E /* Release */,
			);
			defaultConfigurationIsVisible = 0;
			defaultConfigurationName = Release;
		};
/* End XCConfigurationList section */

/* Begin XCVersionGroup section */
		5A30A8531D2B54A60072E10E /* TestTodayExtension.xcdatamodeld */ = {
			isa = XCVersionGroup;
			children = (
				5A30A8541D2B54A60072E10E /* TestTodayExtension.xcdatamodel */,
			);
			currentVersion = 5A30A8541D2B54A60072E10E /* TestTodayExtension.xcdatamodel */;
			path = TestTodayExtension.xcdatamodeld;
			sourceTree = "<group>";
			versionGroupType = wrapper.xcdatamodel;
		};
/* End XCVersionGroup section */
	};
	rootObject = 5A30A83C1D2B54A60072E10E /* Project object */;
}
